<?xml version="1.0" encoding="utf-8"?>
<Project ToolsVersion="4.0" xmlns="http://schemas.microsoft.com/developer/msbuild/2003">
  <ItemGroup>
    <Filter Include="Source Files">
      <UniqueIdentifier>{4FC737F1-C7A5-4376-A066-2A32D752A2FF}</UniqueIdentifier>
      <Extensions>cpp;c;cc;cxx;def;odl;idl;hpj;bat;asm;asmx</Extensions>
    </Filter>
    <Filter Include="Header Files">
      <UniqueIdentifier>{93995380-89BD-4b04-88EB-625FBE52EBFB}</UniqueIdentifier>
      <Extensions>h;hpp;hxx;hm;inl;inc;xsd</Extensions>
    </Filter>
    <Filter Include="Resource Files">
      <UniqueIdentifier>{67DA6AB6-F800-4c08-8B7A-83BB121AAD01}</UniqueIdentifier>
      <Extensions>rc;ico;cur;bmp;dlg;rc2;rct;bin;rgs;gif;jpg;jpeg;jpe;resx;tiff;tif;png;wav;mfcribbon-ms</Extensions>
    </Filter>
    <Filter Include="Source Files\libkirk">
      <UniqueIdentifier>{587a9468-22a3-4044-b7f3-87bb43cf8eb8}</UniqueIdentifier>
    </Filter>
  </ItemGroup>
  <ItemGroup>
    <ClCompile Include="psxtract.cpp">
      <Filter>Source Files</Filter>
    </ClCompile>
    <ClCompile Include="libkirk\aes.c">
      <Filter>Source Files\libkirk</Filter>
    </ClCompile>
    <ClCompile Include="libkirk\amctrl.c">
      <Filter>Source Files\libkirk</Filter>
    </ClCompile>
    <ClCompile Include="libkirk\bn.c">
      <Filter>Source Files\libkirk</Filter>
    </ClCompile>
    <ClCompile Include="libkirk\ec.c">
      <Filter>Source Files\libkirk</Filter>
    </ClCompile>
    <ClCompile Include="libkirk\kirk_engine.c">
      <Filter>Source Files\libkirk</Filter>
    </ClCompile>
    <ClCompile Include="libkirk\sha1.c">
      <Filter>Source Files\libkirk</Filter>
    </ClCompile>
    <ClCompile Include="libkirk\des.c">
      <Filter>Source Files\libkirk</Filter>
    </ClCompile>
    <ClCompile Include="crypto.cpp">
      <Filter>Source Files</Filter>
    </ClCompile>
    <ClCompile Include="lz.cpp">
      <Filter>Source Files</Filter>
    </ClCompile>
    <ClCompile Include="utils.cpp">
      <Filter>Source Files</Filter>
    </ClCompile>
    <ClCompile Include="cdrom.cpp">
      <Filter>Source Files</Filter>
    </ClCompile>
  </ItemGroup>
  <ItemGroup>
    <ClInclude Include="psxtract.h">
      <Filter>Source Files</Filter>
    </ClInclude>
    <ClInclude Include="libkirk\aes.h">
      <Filter>Source Files\libkirk</Filter>
    </ClInclude>
    <ClInclude Include="libkirk\amctrl.h">
      <Filter>Source Files\libkirk</Filter>
    </ClInclude>
    <ClInclude Include="libkirk\kirk_engine.h">
      <Filter>Source Files\libkirk</Filter>
    </ClInclude>
    <ClInclude Include="libkirk\sha1.h">
      <Filter>Source Files\libkirk</Filter>
    </ClInclude>
    <ClInclude Include="libkirk\des.h">
      <Filter>Source Files\libkirk</Filter>
    </ClInclude>
    <ClInclude Include="libkirk\key_vault.h">
      <Filter>Source Files\libkirk</Filter>
    </ClInclude>
    <ClInclude Include="libkirk\psp_headers.h">
      <Filter>Source Files\libkirk</Filter>
    </ClInclude>
    <ClInclude Include="crypto.h">
      <Filter>Source Files</Filter>
    </ClInclude>
    <ClInclude Include="lz.h">
      <Filter>Source Files</Filter>
    </ClInclude>
    <ClInclude Include="utils.h">
      <Filter>Source Files</Filter>
    </ClInclude>
    <ClInclude Include="cdrom.h">
      <Filter>Source Files</Filter>
    </ClInclude>
  </ItemGroup>
</Project>